// !$*UTF8*$!
{
	archiveVersion = 1;
	classes = {
	};
	objectVersion = 56;
	objects = {

/* Begin PBXBuildFile section */
		ABCEC0022BB540B00061C9CD /* AppDelegate.swift in Sources */ = {isa = PBXBuildFile; fileRef = ABCEC0012BB540B00061C9CD /* AppDelegate.swift */; };
		ABCEC0042BB540B00061C9CD /* SceneDelegate.swift in Sources */ = {isa = PBXBuildFile; fileRef = ABCEC0032BB540B00061C9CD /* SceneDelegate.swift */; };
		ABCEC0062BB540B00061C9CD /* ViewController.swift in Sources */ = {isa = PBXBuildFile; fileRef = ABCEC0052BB540B00061C9CD /* ViewController.swift */; };
		ABCEC0092BB540B00061C9CD /* Main.storyboard in Resources */ = {isa = PBXBuildFile; fileRef = ABCEC0072BB540B00061C9CD /* Main.storyboard */; };
		ABCEC00C2BB540B00061C9CD /* busTicketApp.xcdatamodeld in Sources */ = {isa = PBXBuildFile; fileRef = ABCEC00A2BB540B00061C9CD /* busTicketApp.xcdatamodeld */; };
		ABCEC00E2BB540B10061C9CD /* Assets.xcassets in Resources */ = {isa = PBXBuildFile; fileRef = ABCEC00D2BB540B10061C9CD /* Assets.xcassets */; };
		ABCEC0112BB540B10061C9CD /* LaunchScreen.storyboard in Resources */ = {isa = PBXBuildFile; fileRef = ABCEC00F2BB540B10061C9CD /* LaunchScreen.storyboard */; };
		ABCEC01C2BB545F00061C9CD /* Classes.swift in Sources */ = {isa = PBXBuildFile; fileRef = ABCEC01B2BB545F00061C9CD /* Classes.swift */; };
		ABCEC0252BB5675F0061C9CD /* seatProtocol.swift in Sources */ = {isa = PBXBuildFile; fileRef = ABCEC0242BB5675F0061C9CD /* seatProtocol.swift */; };
		ABCEC0282BB567F80061C9CD /* Section.swift in Sources */ = {isa = PBXBuildFile; fileRef = ABCEC0272BB567F80061C9CD /* Section.swift */; };
		ABCEC02A2BB568030061C9CD /* Seats.swift in Sources */ = {isa = PBXBuildFile; fileRef = ABCEC0292BB568030061C9CD /* Seats.swift */; };
		ABCEC02D2BB56A560061C9CD /* Bundle + Extension.swift in Sources */ = {isa = PBXBuildFile; fileRef = ABCEC02C2BB56A560061C9CD /* Bundle + Extension.swift */; };
		ABCEC0312BB56B040061C9CD /* SingleCell.swift in Sources */ = {isa = PBXBuildFile; fileRef = ABCEC0302BB56B040061C9CD /* SingleCell.swift */; };
		ABCEC0332BB57A7C0061C9CD /* dataSeats.json in Resources */ = {isa = PBXBuildFile; fileRef = ABCEC0322BB57A7C0061C9CD /* dataSeats.json */; };
		ABCEC0362BB5B0CE0061C9CD /* Empty.json in Resources */ = {isa = PBXBuildFile; fileRef = ABCEC0352BB5B0CE0061C9CD /* Empty.json */; };
/* End PBXBuildFile section */

/* Begin PBXFileReference section */
		ABCEBFFE2BB540B00061C9CD /* busTicketApp.app */ = {isa = PBXFileReference; explicitFileType = wrapper.application; includeInIndex = 0; path = busTicketApp.app; sourceTree = BUILT_PRODUCTS_DIR; };
		ABCEC0012BB540B00061C9CD /* AppDelegate.swift */ = {isa = PBXFileReference; lastKnownFileType = sourcecode.swift; path = AppDelegate.swift; sourceTree = "<group>"; };
		ABCEC0032BB540B00061C9CD /* SceneDelegate.swift */ = {isa = PBXFileReference; lastKnownFileType = sourcecode.swift; path = SceneDelegate.swift; sourceTree = "<group>"; };
		ABCEC0052BB540B00061C9CD /* ViewController.swift */ = {isa = PBXFileReference; lastKnownFileType = sourcecode.swift; path = ViewController.swift; sourceTree = "<group>"; };
		ABCEC0082BB540B00061C9CD /* Base */ = {isa = PBXFileReference; lastKnownFileType = file.storyboard; name = Base; path = Base.lproj/Main.storyboard; sourceTree = "<group>"; };
		ABCEC00B2BB540B00061C9CD /* busTicketApp.xcdatamodel */ = {isa = PBXFileReference; lastKnownFileType = wrapper.xcdatamodel; path = busTicketApp.xcdatamodel; sourceTree = "<group>"; };
		ABCEC00D2BB540B10061C9CD /* Assets.xcassets */ = {isa = PBXFileReference; lastKnownFileType = folder.assetcatalog; path = Assets.xcassets; sourceTree = "<group>"; };
		ABCEC0102BB540B10061C9CD /* Base */ = {isa = PBXFileReference; lastKnownFileType = file.storyboard; name = Base; path = Base.lproj/LaunchScreen.storyboard; sourceTree = "<group>"; };
		ABCEC0122BB540B10061C9CD /* Info.plist */ = {isa = PBXFileReference; lastKnownFileType = text.plist.xml; path = Info.plist; sourceTree = "<group>"; };
		ABCEC01B2BB545F00061C9CD /* Classes.swift */ = {isa = PBXFileReference; lastKnownFileType = sourcecode.swift; path = Classes.swift; sourceTree = "<group>"; };
		ABCEC0242BB5675F0061C9CD /* seatProtocol.swift */ = {isa = PBXFileReference; lastKnownFileType = sourcecode.swift; path = seatProtocol.swift; sourceTree = "<group>"; };
		ABCEC0272BB567F80061C9CD /* Section.swift */ = {isa = PBXFileReference; lastKnownFileType = sourcecode.swift; path = Section.swift; sourceTree = "<group>"; };
		ABCEC0292BB568030061C9CD /* Seats.swift */ = {isa = PBXFileReference; lastKnownFileType = sourcecode.swift; path = Seats.swift; sourceTree = "<group>"; };
		ABCEC02C2BB56A560061C9CD /* Bundle + Extension.swift */ = {isa = PBXFileReference; lastKnownFileType = sourcecode.swift; path = "Bundle + Extension.swift"; sourceTree = "<group>"; };
		ABCEC0302BB56B040061C9CD /* SingleCell.swift */ = {isa = PBXFileReference; lastKnownFileType = sourcecode.swift; path = SingleCell.swift; sourceTree = "<group>"; };
		ABCEC0322BB57A7C0061C9CD /* dataSeats.json */ = {isa = PBXFileReference; fileEncoding = 4; lastKnownFileType = text.json; path = dataSeats.json; sourceTree = "<group>"; };
		ABCEC0352BB5B0CE0061C9CD /* Empty.json */ = {isa = PBXFileReference; lastKnownFileType = text.json; path = Empty.json; sourceTree = "<group>"; };
/* End PBXFileReference section */

/* Begin PBXFrameworksBuildPhase section */
		ABCEBFFB2BB540B00061C9CD /* Frameworks */ = {
			isa = PBXFrameworksBuildPhase;
			buildActionMask = 2147483647;
			files = (
			);
			runOnlyForDeploymentPostprocessing = 0;
		};
/* End PBXFrameworksBuildPhase section */

/* Begin PBXGroup section */
		ABCEBFF52BB540B00061C9CD = {
			isa = PBXGroup;
			children = (
				ABCEC0002BB540B00061C9CD /* busTicketApp */,
				ABCEBFFF2BB540B00061C9CD /* Products */,
			);
			sourceTree = "<group>";
		};
		ABCEBFFF2BB540B00061C9CD /* Products */ = {
			isa = PBXGroup;
			children = (
				ABCEBFFE2BB540B00061C9CD /* busTicketApp.app */,
			);
			name = Products;
			sourceTree = "<group>";
		};
		ABCEC0002BB540B00061C9CD /* busTicketApp */ = {
			isa = PBXGroup;
			children = (
				ABCEC02B2BB56A3B0061C9CD /* Extension */,
				ABCEC0262BB567B00061C9CD /* Model */,
				ABCEC0212BB567290061C9CD /* Cell */,
				ABCEC01D2BB5608E0061C9CD /* Service */,
				ABCEC0182BB543C00061C9CD /* Class */,
				ABCEC0012BB540B00061C9CD /* AppDelegate.swift */,
				ABCEC0032BB540B00061C9CD /* SceneDelegate.swift */,
				ABCEC0052BB540B00061C9CD /* ViewController.swift */,
				ABCEC0072BB540B00061C9CD /* Main.storyboard */,
				ABCEC00D2BB540B10061C9CD /* Assets.xcassets */,
				ABCEC00F2BB540B10061C9CD /* LaunchScreen.storyboard */,
				ABCEC0122BB540B10061C9CD /* Info.plist */,
				ABCEC00A2BB540B00061C9CD /* busTicketApp.xcdatamodeld */,
			);
			path = busTicketApp;
			sourceTree = "<group>";
		};
		ABCEC0182BB543C00061C9CD /* Class */ = {
			isa = PBXGroup;
			children = (
				ABCEC01B2BB545F00061C9CD /* Classes.swift */,
			);
			path = Class;
			sourceTree = "<group>";
		};
		ABCEC01D2BB5608E0061C9CD /* Service */ = {
			isa = PBXGroup;
			children = (
				ABCEC0322BB57A7C0061C9CD /* dataSeats.json */,
				ABCEC0352BB5B0CE0061C9CD /* Empty.json */,
			);
			path = Service;
			sourceTree = "<group>";
		};
		ABCEC0212BB567290061C9CD /* Cell */ = {
			isa = PBXGroup;
			children = (
				ABCEC0242BB5675F0061C9CD /* seatProtocol.swift */,
				ABCEC0302BB56B040061C9CD /* SingleCell.swift */,
			);
			path = Cell;
			sourceTree = "<group>";
		};
		ABCEC0262BB567B00061C9CD /* Model */ = {
			isa = PBXGroup;
			children = (
				ABCEC0272BB567F80061C9CD /* Section.swift */,
				ABCEC0292BB568030061C9CD /* Seats.swift */,
			);
			path = Model;
			sourceTree = "<group>";
		};
		ABCEC02B2BB56A3B0061C9CD /* Extension */ = {
			isa = PBXGroup;
			children = (
				ABCEC02C2BB56A560061C9CD /* Bundle + Extension.swift */,
			);
			path = Extension;
			sourceTree = "<group>";
		};
/* End PBXGroup section */

/* Begin PBXNativeTarget section */
		ABCEBFFD2BB540B00061C9CD /* busTicketApp */ = {
			isa = PBXNativeTarget;
			buildConfigurationList = ABCEC0152BB540B10061C9CD /* Build configuration list for PBXNativeTarget "busTicketApp" */;
			buildPhases = (
				ABCEBFFA2BB540B00061C9CD /* Sources */,
				ABCEBFFB2BB540B00061C9CD /* Frameworks */,
				ABCEBFFC2BB540B00061C9CD /* Resources */,
			);
			buildRules = (
			);
			dependencies = (
			);
			name = busTicketApp;
			productName = busTicketApp;
			productReference = ABCEBFFE2BB540B00061C9CD /* busTicketApp.app */;
			productType = "com.apple.product-type.application";
		};
/* End PBXNativeTarget section */

/* Begin PBXProject section */
		ABCEBFF62BB540B00061C9CD /* Project object */ = {
			isa = PBXProject;
			attributes = {
				BuildIndependentTargetsInParallel = 1;
				LastSwiftUpdateCheck = 1520;
				LastUpgradeCheck = 1520;
				TargetAttributes = {
					ABCEBFFD2BB540B00061C9CD = {
						CreatedOnToolsVersion = 15.2;
					};
				};
			};
			buildConfigurationList = ABCEBFF92BB540B00061C9CD /* Build configuration list for PBXProject "busTicketApp" */;
			compatibilityVersion = "Xcode 14.0";
			developmentRegion = en;
			hasScannedForEncodings = 0;
			knownRegions = (
				en,
				Base,
			);
			mainGroup = ABCEBFF52BB540B00061C9CD;
			productRefGroup = ABCEBFFF2BB540B00061C9CD /* Products */;
			projectDirPath = "";
			projectRoot = "";
			targets = (
				ABCEBFFD2BB540B00061C9CD /* busTicketApp */,
			);
		};
/* End PBXProject section */

/* Begin PBXResourcesBuildPhase section */
		ABCEBFFC2BB540B00061C9CD /* Resources */ = {
			isa = PBXResourcesBuildPhase;
			buildActionMask = 2147483647;
			files = (
				ABCEC0362BB5B0CE0061C9CD /* Empty.json in Resources */,
				ABCEC0112BB540B10061C9CD /* LaunchScreen.storyboard in Resources */,
				ABCEC0332BB57A7C0061C9CD /* dataSeats.json in Resources */,
				ABCEC00E2BB540B10061C9CD /* Assets.xcassets in Resources */,
				ABCEC0092BB540B00061C9CD /* Main.storyboard in Resources */,
			);
			runOnlyForDeploymentPostprocessing = 0;
		};
/* End PBXResourcesBuildPhase section */

/* Begin PBXSourcesBuildPhase section */
		ABCEBFFA2BB540B00061C9CD /* Sources */ = {
			isa = PBXSourcesBuildPhase;
			buildActionMask = 2147483647;
			files = (
				ABCEC00C2BB540B00061C9CD /* busTicketApp.xcdatamodeld in Sources */,
				ABCEC0312BB56B040061C9CD /* SingleCell.swift in Sources */,
				ABCEC0062BB540B00061C9CD /* ViewController.swift in Sources */,
				ABCEC0022BB540B00061C9CD /* AppDelegate.swift in Sources */,
				ABCEC02D2BB56A560061C9CD /* Bundle + Extension.swift in Sources */,
				ABCEC0282BB567F80061C9CD /* Section.swift in Sources */,
				ABCEC01C2BB545F00061C9CD /* Classes.swift in Sources */,
				ABCEC0252BB5675F0061C9CD /* seatProtocol.swift in Sources */,
				ABCEC02A2BB568030061C9CD /* Seats.swift in Sources */,
				ABCEC0042BB540B00061C9CD /* SceneDelegate.swift in Sources */,
			);
			runOnlyForDeploymentPostprocessing = 0;
		};
/* End PBXSourcesBuildPhase section */

/* Begin PBXVariantGroup section */
		ABCEC0072BB540B00061C9CD /* Main.storyboard */ = {
			isa = PBXVariantGroup;
			children = (
				ABCEC0082BB540B00061C9CD /* Base */,
			);
			name = Main.storyboard;
			sourceTree = "<group>";
		};
		ABCEC00F2BB540B10061C9CD /* LaunchScreen.storyboard */ = {
			isa = PBXVariantGroup;
			children = (
				ABCEC0102BB540B10061C9CD /* Base */,
			);
			name = LaunchScreen.storyboard;
			sourceTree = "<group>";
		};
/* End PBXVariantGroup section */

/* Begin XCBuildConfiguration section */
		ABCEC0132BB540B10061C9CD /* Debug */ = {
			isa = XCBuildConfiguration;
			buildSettings = {
				ALWAYS_SEARCH_USER_PATHS = NO;
				ASSETCATALOG_COMPILER_GENERATE_SWIFT_ASSET_SYMBOL_EXTENSIONS = YES;
				CLANG_ANALYZER_NONNULL = YES;
				CLANG_ANALYZER_NUMBER_OBJECT_CONVERSION = YES_AGGRESSIVE;
				CLANG_CXX_LANGUAGE_STANDARD = "gnu++20";
				CLANG_ENABLE_MODULES = YES;
				CLANG_ENABLE_OBJC_ARC = YES;
				CLANG_ENABLE_OBJC_WEAK = YES;
				CLANG_WARN_BLOCK_CAPTURE_AUTORELEASING = YES;
				CLANG_WARN_BOOL_CONVERSION = YES;
				CLANG_WARN_COMMA = YES;
				CLANG_WARN_CONSTANT_CONVERSION = YES;
				CLANG_WARN_DEPRECATED_OBJC_IMPLEMENTATIONS = YES;
				CLANG_WARN_DIRECT_OBJC_ISA_USAGE = YES_ERROR;
				CLANG_WARN_DOCUMENTATION_COMMENTS = YES;
				CLANG_WARN_EMPTY_BODY = YES;
				CLANG_WARN_ENUM_CONVERSION = YES;
				CLANG_WARN_INFINITE_RECURSION = YES;
				CLANG_WARN_INT_CONVERSION = YES;
				CLANG_WARN_NON_LITERAL_NULL_CONVERSION = YES;
				CLANG_WARN_OBJC_IMPLICIT_RETAIN_SELF = YES;
				CLANG_WARN_OBJC_LITERAL_CONVERSION = YES;
				CLANG_WARN_OBJC_ROOT_CLASS = YES_ERROR;
				CLANG_WARN_QUOTED_INCLUDE_IN_FRAMEWORK_HEADER = YES;
				CLANG_WARN_RANGE_LOOP_ANALYSIS = YES;
				CLANG_WARN_STRICT_PROTOTYPES = YES;
				CLANG_WARN_SUSPICIOUS_MOVE = YES;
				CLANG_WARN_UNGUARDED_AVAILABILITY = YES_AGGRESSIVE;
				CLANG_WARN_UNREACHABLE_CODE = YES;
				CLANG_WARN__DUPLICATE_METHOD_MATCH = YES;
				COPY_PHASE_STRIP = NO;
				DEBUG_INFORMATION_FORMAT = dwarf;
				ENABLE_STRICT_OBJC_MSGSEND = YES;
				ENABLE_TESTABILITY = YES;
				ENABLE_USER_SCRIPT_SANDBOXING = YES;
				GCC_C_LANGUAGE_STANDARD = gnu17;
				GCC_DYNAMIC_NO_PIC = NO;
				GCC_NO_COMMON_BLOCKS = YES;
				GCC_OPTIMIZATION_LEVEL = 0;
				GCC_PREPROCESSOR_DEFINITIONS = (
					"DEBUG=1",
					"$(inherited)",
				);
				GCC_WARN_64_TO_32_BIT_CONVERSION = YES;
				GCC_WARN_ABOUT_RETURN_TYPE = YES_ERROR;
				GCC_WARN_UNDECLARED_SELECTOR = YES;
				GCC_WARN_UNINITIALIZED_AUTOS = YES_AGGRESSIVE;
				GCC_WARN_UNUSED_FUNCTION = YES;
				GCC_WARN_UNUSED_VARIABLE = YES;
				IPHONEOS_DEPLOYMENT_TARGET = 17.2;
				LOCALIZATION_PREFERS_STRING_CATALOGS = YES;
				MTL_ENABLE_DEBUG_INFO = INCLUDE_SOURCE;
				MTL_FAST_MATH = YES;
				ONLY_ACTIVE_ARCH = YES;
				SDKROOT = iphoneos;
				SWIFT_ACTIVE_COMPILATION_CONDITIONS = "DEBUG $(inherited)";
				SWIFT_OPTIMIZATION_LEVEL = "-Onone";
			};
			name = Debug;
		};
		ABCEC0142BB540B10061C9CD /* Release */ = {
			isa = XCBuildConfiguration;
			buildSettings = {
				ALWAYS_SEARCH_USER_PATHS = NO;
				ASSETCATALOG_COMPILER_GENERATE_SWIFT_ASSET_SYMBOL_EXTENSIONS = YES;
				CLANG_ANALYZER_NONNULL = YES;
				CLANG_ANALYZER_NUMBER_OBJECT_CONVERSION = YES_AGGRESSIVE;
				CLANG_CXX_LANGUAGE_STANDARD = "gnu++20";
				CLANG_ENABLE_MODULES = YES;
				CLANG_ENABLE_OBJC_ARC = YES;
				CLANG_ENABLE_OBJC_WEAK = YES;
				CLANG_WARN_BLOCK_CAPTURE_AUTORELEASING = YES;
				CLANG_WARN_BOOL_CONVERSION = YES;
				CLANG_WARN_COMMA = YES;
				CLANG_WARN_CONSTANT_CONVERSION = YES;
				CLANG_WARN_DEPRECATED_OBJC_IMPLEMENTATIONS = YES;
				CLANG_WARN_DIRECT_OBJC_ISA_USAGE = YES_ERROR;
				CLANG_WARN_DOCUMENTATION_COMMENTS = YES;
				CLANG_WARN_EMPTY_BODY = YES;
				CLANG_WARN_ENUM_CONVERSION = YES;
				CLANG_WARN_INFINITE_RECURSION = YES;
				CLANG_WARN_INT_CONVERSION = YES;
				CLANG_WARN_NON_LITERAL_NULL_CONVERSION = YES;
				CLANG_WARN_OBJC_IMPLICIT_RETAIN_SELF = YES;
				CLANG_WARN_OBJC_LITERAL_CONVERSION = YES;
				CLANG_WARN_OBJC_ROOT_CLASS = YES_ERROR;
				CLANG_WARN_QUOTED_INCLUDE_IN_FRAMEWORK_HEADER = YES;
				CLANG_WARN_RANGE_LOOP_ANALYSIS = YES;
				CLANG_WARN_STRICT_PROTOTYPES = YES;
				CLANG_WARN_SUSPICIOUS_MOVE = YES;
				CLANG_WARN_UNGUARDED_AVAILABILITY = YES_AGGRESSIVE;
				CLANG_WARN_UNREACHABLE_CODE = YES;
				CLANG_WARN__DUPLICATE_METHOD_MATCH = YES;
				COPY_PHASE_STRIP = NO;
				DEBUG_INFORMATION_FORMAT = "dwarf-with-dsym";
				ENABLE_NS_ASSERTIONS = NO;
				ENABLE_STRICT_OBJC_MSGSEND = YES;
				ENABLE_USER_SCRIPT_SANDBOXING = YES;
				GCC_C_LANGUAGE_STANDARD = gnu17;
				GCC_NO_COMMON_BLOCKS = YES;
				GCC_WARN_64_TO_32_BIT_CONVERSION = YES;
				GCC_WARN_ABOUT_RETURN_TYPE = YES_ERROR;
				GCC_WARN_UNDECLARED_SELECTOR = YES;
				GCC_WARN_UNINITIALIZED_AUTOS = YES_AGGRESSIVE;
				GCC_WARN_UNUSED_FUNCTION = YES;
				GCC_WARN_UNUSED_VARIABLE = YES;
				IPHONEOS_DEPLOYMENT_TARGET = 17.2;
				LOCALIZATION_PREFERS_STRING_CATALOGS = YES;
				MTL_ENABLE_DEBUG_INFO = NO;
				MTL_FAST_MATH = YES;
				SDKROOT = iphoneos;
				SWIFT_COMPILATION_MODE = wholemodule;
				VALIDATE_PRODUCT = YES;
			};
			name = Release;
		};
		ABCEC0162BB540B10061C9CD /* Debug */ = {
			isa = XCBuildConfiguration;
			buildSettings = {
				ASSETCATALOG_COMPILER_APPICON_NAME = AppIcon;
				ASSETCATALOG_COMPILER_GLOBAL_ACCENT_COLOR_NAME = AccentColor;
				CODE_SIGN_STYLE = Automatic;
				CURRENT_PROJECT_VERSION = 1;
				GENERATE_INFOPLIST_FILE = YES;
				INFOPLIST_FILE = busTicketApp/Info.plist;
				INFOPLIST_KEY_UIApplicationSupportsIndirectInputEvents = YES;
				INFOPLIST_KEY_UILaunchStoryboardName = LaunchScreen;
				INFOPLIST_KEY_UIMainStoryboardFile = Main;
				INFOPLIST_KEY_UISupportedInterfaceOrientations_iPad = "UIInterfaceOrientationPortrait UIInterfaceOrientationPortraitUpsideDown UIInterfaceOrientationLandscapeLeft UIInterfaceOrientationLandscapeRight";
				INFOPLIST_KEY_UISupportedInterfaceOrientations_iPhone = "UIInterfaceOrientationPortrait UIInterfaceOrientationLandscapeLeft UIInterfaceOrientationLandscapeRight";
				LD_RUNPATH_SEARCH_PATHS = (
					"$(inherited)",
					"@executable_path/Frameworks",
				);
				MARKETING_VERSION = 1.0;
				PRODUCT_BUNDLE_IDENTIFIER = com.esgdev.busTicketApp;
				PRODUCT_NAME = "$(TARGET_NAME)";
				SWIFT_EMIT_LOC_STRINGS = YES;
				SWIFT_VERSION = 5.0;
				TARGETED_DEVICE_FAMILY = "1,2";
			};
			name = Debug;
		};
		ABCEC0172BB540B10061C9CD /* Release */ = {
			isa = XCBuildConfiguration;
			buildSettings = {
				ASSETCATALOG_COMPILER_APPICON_NAME = AppIcon;
				ASSETCATALOG_COMPILER_GLOBAL_ACCENT_COLOR_NAME = AccentColor;
				CODE_SIGN_STYLE = Automatic;
				CURRENT_PROJECT_VERSION = 1;
				GENERATE_INFOPLIST_FILE = YES;
				INFOPLIST_FILE = busTicketApp/Info.plist;
				INFOPLIST_KEY_UIApplicationSupportsIndirectInputEvents = YES;
				INFOPLIST_KEY_UILaunchStoryboardName = LaunchScreen;
				INFOPLIST_KEY_UIMainStoryboardFile = Main;
				INFOPLIST_KEY_UISupportedInterfaceOrientations_iPad = "UIInterfaceOrientationPortrait UIInterfaceOrientationPortraitUpsideDown UIInterfaceOrientationLandscapeLeft UIInterfaceOrientationLandscapeRight";
				INFOPLIST_KEY_UISupportedInterfaceOrientations_iPhone = "UIInterfaceOrientationPortrait UIInterfaceOrientationLandscapeLeft UIInterfaceOrientationLandscapeRight";
				LD_RUNPATH_SEARCH_PATHS = (
					"$(inherited)",
					"@executable_path/Frameworks",
				);
				MARKETING_VERSION = 1.0;
				PRODUCT_BUNDLE_IDENTIFIER = com.esgdev.busTicketApp;
				PRODUCT_NAME = "$(TARGET_NAME)";
				SWIFT_EMIT_LOC_STRINGS = YES;
				SWIFT_VERSION = 5.0;
				TARGETED_DEVICE_FAMILY = "1,2";
			};
			name = Release;
		};
/* End XCBuildConfiguration section */

/* Begin XCConfigurationList section */
		ABCEBFF92BB540B00061C9CD /* Build configuration list for PBXProject "busTicketApp" */ = {
			isa = XCConfigurationList;
			buildConfigurations = (
				ABCEC0132BB540B10061C9CD /* Debug */,
				ABCEC0142BB540B10061C9CD /* Release */,
			);
			defaultConfigurationIsVisible = 0;
			defaultConfigurationName = Release;
		};
		ABCEC0152BB540B10061C9CD /* Build configuration list for PBXNativeTarget "busTicketApp" */ = {
			isa = XCConfigurationList;
			buildConfigurations = (
				ABCEC0162BB540B10061C9CD /* Debug */,
				ABCEC0172BB540B10061C9CD /* Release */,
			);
			defaultConfigurationIsVisible = 0;
			defaultConfigurationName = Release;
		};
/* End XCConfigurationList section */

/* Begin XCVersionGroup section */
		ABCEC00A2BB540B00061C9CD /* busTicketApp.xcdatamodeld */ = {
			isa = XCVersionGroup;
			children = (
				ABCEC00B2BB540B00061C9CD /* busTicketApp.xcdatamodel */,
			);
			currentVersion = ABCEC00B2BB540B00061C9CD /* busTicketApp.xcdatamodel */;
			path = busTicketApp.xcdatamodeld;
			sourceTree = "<group>";
			versionGroupType = wrapper.xcdatamodel;
		};
/* End XCVersionGroup section */
	};
	rootObject = ABCEBFF62BB540B00061C9CD /* Project object */;
}
